// !$*UTF8*$!
{
	archiveVersion = 1;
	classes = {
	};
	objectVersion = 50;
	objects = {

/* Begin PBXFileReference section */
		1D86C17824D69066003896F1 /* Template Path.rtf */ = {isa = PBXFileReference; lastKnownFileType = text.rtf; path = "Template Path.rtf"; sourceTree = "<group>"; };
		1DD86DB324D694DD00EBA316 /* B6AD85C9-6D50-4F2C-ABC1-873DD922DA45.codesnippet */ = {isa = PBXFileReference; lastKnownFileType = text.xml; path = "B6AD85C9-6D50-4F2C-ABC1-873DD922DA45.codesnippet"; sourceTree = "<group>"; };
		1DD86DB424D694DD00EBA316 /* 108D395E-BCD4-4A88-9E85-5E59F1725459.codesnippet */ = {isa = PBXFileReference; lastKnownFileType = text.xml; path = "108D395E-BCD4-4A88-9E85-5E59F1725459.codesnippet"; sourceTree = "<group>"; };
		1DD86DB524D694DD00EBA316 /* 7109C0D0-4B79-4DC7-92F3-32106E271812.codesnippet */ = {isa = PBXFileReference; lastKnownFileType = text.xml; path = "7109C0D0-4B79-4DC7-92F3-32106E271812.codesnippet"; sourceTree = "<group>"; };
		1DD86DB624D694DD00EBA316 /* 5888DB1C-E50E-45F5-93A2-446DCE5B25DE.codesnippet */ = {isa = PBXFileReference; lastKnownFileType = text.xml; path = "5888DB1C-E50E-45F5-93A2-446DCE5B25DE.codesnippet"; sourceTree = "<group>"; };
		1DD86DB724D694DD00EBA316 /* E91205B4-09F4-45DE-8D62-9E2DB30F5D6F.codesnippet */ = {isa = PBXFileReference; lastKnownFileType = text.xml; path = "E91205B4-09F4-45DE-8D62-9E2DB30F5D6F.codesnippet"; sourceTree = "<group>"; };
		1DD86DB824D694DD00EBA316 /* B9331655-53DA-430D-990B-F6DA33CF41D8.codesnippet */ = {isa = PBXFileReference; lastKnownFileType = text.xml; path = "B9331655-53DA-430D-990B-F6DA33CF41D8.codesnippet"; sourceTree = "<group>"; };
		1DD86DB924D694DD00EBA316 /* 7F7E7CCE-F4FC-4075-B112-083F2A8D9195.codesnippet */ = {isa = PBXFileReference; lastKnownFileType = text.xml; path = "7F7E7CCE-F4FC-4075-B112-083F2A8D9195.codesnippet"; sourceTree = "<group>"; };
		1DDD605524D68D98000B2E95 /* TemplateInfo.plist */ = {isa = PBXFileReference; lastKnownFileType = text.plist.xml; path = TemplateInfo.plist; sourceTree = "<group>"; };
		1DDD605624D68E60000B2E95 /* TemplateInfo.plist */ = {isa = PBXFileReference; lastKnownFileType = text.plist.xml; path = TemplateInfo.plist; sourceTree = "<group>"; };
		1DDD605924D68FD6000B2E95 /* TemplateIcon.png */ = {isa = PBXFileReference; lastKnownFileType = image.png; path = TemplateIcon.png; sourceTree = "<group>"; };
		1DDD605A24D68FD6000B2E95 /* TemplateIcon@2x.png */ = {isa = PBXFileReference; lastKnownFileType = image.png; path = "TemplateIcon@2x.png"; sourceTree = "<group>"; };
		1DDD605C24D68FF7000B2E95 /* ___FILEBASENAME___.swift */ = {isa = PBXFileReference; lastKnownFileType = sourcecode.swift; path = "___FILEBASENAME___.swift"; sourceTree = "<group>"; };
		1DDD605E24D68FF7000B2E95 /* ___FILEBASENAME___.h */ = {isa = PBXFileReference; lastKnownFileType = sourcecode.c.h; path = "___FILEBASENAME___.h"; sourceTree = "<group>"; };
		1DDD605F24D68FF7000B2E95 /* ___FILEBASENAME___.m */ = {isa = PBXFileReference; lastKnownFileType = sourcecode.c.objc; path = "___FILEBASENAME___.m"; sourceTree = "<group>"; };
		1DDD606124D68FF7000B2E95 /* ___FILEBASENAME___.swift */ = {isa = PBXFileReference; lastKnownFileType = sourcecode.swift; path = "___FILEBASENAME___.swift"; sourceTree = "<group>"; };
		1DDD606324D68FF7000B2E95 /* ___FILEBASENAME___.h */ = {isa = PBXFileReference; lastKnownFileType = sourcecode.c.h; path = "___FILEBASENAME___.h"; sourceTree = "<group>"; };
		1DDD606424D68FF7000B2E95 /* ___FILEBASENAME___.m */ = {isa = PBXFileReference; lastKnownFileType = sourcecode.c.objc; path = "___FILEBASENAME___.m"; sourceTree = "<group>"; };
		1DDD606524D6900E000B2E95 /* TemplateIcon@2x.png */ = {isa = PBXFileReference; lastKnownFileType = image.png; path = "TemplateIcon@2x.png"; sourceTree = "<group>"; };
		1DDD606624D6900E000B2E95 /* TemplateIcon.png */ = {isa = PBXFileReference; lastKnownFileType = image.png; path = TemplateIcon.png; sourceTree = "<group>"; };
/* End PBXFileReference section */

/* Begin PBXGroup section */
		1DD86DB224D694DD00EBA316 /* CodeSnippets */ = {
			isa = PBXGroup;
			children = (
				1DD86DB324D694DD00EBA316 /* B6AD85C9-6D50-4F2C-ABC1-873DD922DA45.codesnippet */,
				1DD86DB424D694DD00EBA316 /* 108D395E-BCD4-4A88-9E85-5E59F1725459.codesnippet */,
				1DD86DB524D694DD00EBA316 /* 7109C0D0-4B79-4DC7-92F3-32106E271812.codesnippet */,
				1DD86DB624D694DD00EBA316 /* 5888DB1C-E50E-45F5-93A2-446DCE5B25DE.codesnippet */,
				1DD86DB724D694DD00EBA316 /* E91205B4-09F4-45DE-8D62-9E2DB30F5D6F.codesnippet */,
				1DD86DB824D694DD00EBA316 /* B9331655-53DA-430D-990B-F6DA33CF41D8.codesnippet */,
				1DD86DB924D694DD00EBA316 /* 7F7E7CCE-F4FC-4075-B112-083F2A8D9195.codesnippet */,
			);
			path = CodeSnippets;
			sourceTree = "<group>";
		};
		1DDD603D24D68C45000B2E95 = {
			isa = PBXGroup;
			children = (
				1D86C17824D69066003896F1 /* Template Path.rtf */,
				1DDD605724D68F63000B2E95 /* Section Custom File Name */,
				1DDD605824D68F87000B2E95 /* Section Custon Project Name */,
				1DD86DB224D694DD00EBA316 /* CodeSnippets */,
			);
			sourceTree = "<group>";
		};
		1DDD605324D68D2D000B2E95 /* Single View App.xctemplate */ = {
			isa = PBXGroup;
			children = (
				1DDD605924D68FD6000B2E95 /* TemplateIcon.png */,
				1DDD605A24D68FD6000B2E95 /* TemplateIcon@2x.png */,
				1DDD605524D68D98000B2E95 /* TemplateInfo.plist */,
			);
			name = "Single View App.xctemplate";
			sourceTree = "<group>";
		};
		1DDD605424D68D51000B2E95 /* CodeStyle.xctemplate */ = {
			isa = PBXGroup;
			children = (
				1DDD606624D6900E000B2E95 /* TemplateIcon.png */,
				1DDD606524D6900E000B2E95 /* TemplateIcon@2x.png */,
				1DDD606224D68FF7000B2E95 /* UIViewControllerObjective-C */,
				1DDD605B24D68FF7000B2E95 /* UIViewControllerSwift */,
				1DDD605D24D68FF7000B2E95 /* UIViewObjective-C */,
				1DDD606024D68FF7000B2E95 /* UIViewSwift */,
				1DDD605624D68E60000B2E95 /* TemplateInfo.plist */,
			);
			path = CodeStyle.xctemplate;
			sourceTree = "<group>";
		};
		1DDD605724D68F63000B2E95 /* Section Custom File Name */ = {
			isa = PBXGroup;
			children = (
				1DDD605424D68D51000B2E95 /* CodeStyle.xctemplate */,
			);
			path = "Section Custom File Name";
			sourceTree = "<group>";
		};
		1DDD605824D68F87000B2E95 /* Section Custon Project Name */ = {
			isa = PBXGroup;
			children = (
				1DDD605324D68D2D000B2E95 /* Single View App.xctemplate */,
			);
			name = "Section Custon Project Name";
			path = "Single View App.xctemplate";
			sourceTree = "<group>";
		};
		1DDD605B24D68FF7000B2E95 /* UIViewControllerSwift */ = {
			isa = PBXGroup;
			children = (
				1DDD605C24D68FF7000B2E95 /* ___FILEBASENAME___.swift */,
			);
			path = UIViewControllerSwift;
			sourceTree = "<group>";
		};
		1DDD605D24D68FF7000B2E95 /* UIViewObjective-C */ = {
			isa = PBXGroup;
			children = (
				1DDD605E24D68FF7000B2E95 /* ___FILEBASENAME___.h */,
				1DDD605F24D68FF7000B2E95 /* ___FILEBASENAME___.m */,
			);
			path = "UIViewObjective-C";
			sourceTree = "<group>";
		};
		1DDD606024D68FF7000B2E95 /* UIViewSwift */ = {
			isa = PBXGroup;
			children = (
				1DDD606124D68FF7000B2E95 /* ___FILEBASENAME___.swift */,
			);
			path = UIViewSwift;
			sourceTree = "<group>";
		};
		1DDD606224D68FF7000B2E95 /* UIViewControllerObjective-C */ = {
			isa = PBXGroup;
			children = (
				1DDD606324D68FF7000B2E95 /* ___FILEBASENAME___.h */,
				1DDD606424D68FF7000B2E95 /* ___FILEBASENAME___.m */,
			);
			path = "UIViewControllerObjective-C";
			sourceTree = "<group>";
		};
/* End PBXGroup section */

/* Begin PBXProject section */
		1DDD603E24D68C45000B2E95 /* Project object */ = {
			isa = PBXProject;
			attributes = {
				LastUpgradeCheck = 1160;
				ORGANIZATIONNAME = robsonJames;
			};
			buildConfigurationList = 1DDD604124D68C45000B2E95 /* Build configuration list for PBXProject "TemplateProject" */;
			compatibilityVersion = "Xcode 9.3";
			developmentRegion = en;
			hasScannedForEncodings = 0;
			knownRegions = (
				en,
				Base,
			);
			mainGroup = 1DDD603D24D68C45000B2E95;
			productRefGroup = 1DDD603D24D68C45000B2E95;
			projectDirPath = "";
			projectRoot = "";
			targets = (
			);
		};
/* End PBXProject section */

/* Begin XCBuildConfiguration section */
		1DDD604D24D68C45000B2E95 /* Debug */ = {
			isa = XCBuildConfiguration;
			buildSettings = {
				ALWAYS_SEARCH_USER_PATHS = NO;
				CLANG_ANALYZER_NONNULL = YES;
				CLANG_ANALYZER_NUMBER_OBJECT_CONVERSION = YES_AGGRESSIVE;
				CLANG_CXX_LANGUAGE_STANDARD = "gnu++14";
				CLANG_CXX_LIBRARY = "libc++";
				CLANG_ENABLE_MODULES = YES;
				CLANG_ENABLE_OBJC_ARC = YES;
				CLANG_ENABLE_OBJC_WEAK = YES;
				CLANG_WARN_BLOCK_CAPTURE_AUTORELEASING = YES;
				CLANG_WARN_BOOL_CONVERSION = YES;
				CLANG_WARN_COMMA = YES;
				CLANG_WARN_CONSTANT_CONVERSION = YES;
				CLANG_WARN_DEPRECATED_OBJC_IMPLEMENTATIONS = YES;
				CLANG_WARN_DIRECT_OBJC_ISA_USAGE = YES_ERROR;
				CLANG_WARN_DOCUMENTATION_COMMENTS = YES;
				CLANG_WARN_EMPTY_BODY = YES;
				CLANG_WARN_ENUM_CONVERSION = YES;
				CLANG_WARN_INFINITE_RECURSION = YES;
				CLANG_WARN_INT_CONVERSION = YES;
				CLANG_WARN_NON_LITERAL_NULL_CONVERSION = YES;
				CLANG_WARN_OBJC_IMPLICIT_RETAIN_SELF = YES;
				CLANG_WARN_OBJC_LITERAL_CONVERSION = YES;
				CLANG_WARN_OBJC_ROOT_CLASS = YES_ERROR;
				CLANG_WARN_RANGE_LOOP_ANALYSIS = YES;
				CLANG_WARN_STRICT_PROTOTYPES = YES;
				CLANG_WARN_SUSPICIOUS_MOVE = YES;
				CLANG_WARN_UNGUARDED_AVAILABILITY = YES_AGGRESSIVE;
				CLANG_WARN_UNREACHABLE_CODE = YES;
				CLANG_WARN__DUPLICATE_METHOD_MATCH = YES;
				COPY_PHASE_STRIP = NO;
				CURRENT_PROJECT_VERSION = 1;
				DEBUG_INFORMATION_FORMAT = dwarf;
				ENABLE_STRICT_OBJC_MSGSEND = YES;
				ENABLE_TESTABILITY = YES;
				GCC_C_LANGUAGE_STANDARD = gnu11;
				GCC_DYNAMIC_NO_PIC = NO;
				GCC_NO_COMMON_BLOCKS = YES;
				GCC_OPTIMIZATION_LEVEL = 0;
				GCC_PREPROCESSOR_DEFINITIONS = (
					"DEBUG=1",
					"$(inherited)",
				);
				GCC_WARN_64_TO_32_BIT_CONVERSION = YES;
				GCC_WARN_ABOUT_RETURN_TYPE = YES_ERROR;
				GCC_WARN_UNDECLARED_SELECTOR = YES;
				GCC_WARN_UNINITIALIZED_AUTOS = YES_AGGRESSIVE;
				GCC_WARN_UNUSED_FUNCTION = YES;
				GCC_WARN_UNUSED_VARIABLE = YES;
				IPHONEOS_DEPLOYMENT_TARGET = 13.6;
				MTL_ENABLE_DEBUG_INFO = INCLUDE_SOURCE;
				MTL_FAST_MATH = YES;
				ONLY_ACTIVE_ARCH = YES;
				SDKROOT = iphoneos;
				SWIFT_ACTIVE_COMPILATION_CONDITIONS = DEBUG;
				SWIFT_OPTIMIZATION_LEVEL = "-Onone";
				VERSIONING_SYSTEM = "apple-generic";
				VERSION_INFO_PREFIX = "";
			};
			name = Debug;
		};
		1DDD604E24D68C45000B2E95 /* Release */ = {
			isa = XCBuildConfiguration;
			buildSettings = {
				ALWAYS_SEARCH_USER_PATHS = NO;
				CLANG_ANALYZER_NONNULL = YES;
				CLANG_ANALYZER_NUMBER_OBJECT_CONVERSION = YES_AGGRESSIVE;
				CLANG_CXX_LANGUAGE_STANDARD = "gnu++14";
				CLANG_CXX_LIBRARY = "libc++";
				CLANG_ENABLE_MODULES = YES;
				CLANG_ENABLE_OBJC_ARC = YES;
				CLANG_ENABLE_OBJC_WEAK = YES;
				CLANG_WARN_BLOCK_CAPTURE_AUTORELEASING = YES;
				CLANG_WARN_BOOL_CONVERSION = YES;
				CLANG_WARN_COMMA = YES;
				CLANG_WARN_CONSTANT_CONVERSION = YES;
				CLANG_WARN_DEPRECATED_OBJC_IMPLEMENTATIONS = YES;
				CLANG_WARN_DIRECT_OBJC_ISA_USAGE = YES_ERROR;
				CLANG_WARN_DOCUMENTATION_COMMENTS = YES;
				CLANG_WARN_EMPTY_BODY = YES;
				CLANG_WARN_ENUM_CONVERSION = YES;
				CLANG_WARN_INFINITE_RECURSION = YES;
				CLANG_WARN_INT_CONVERSION = YES;
				CLANG_WARN_NON_LITERAL_NULL_CONVERSION = YES;
				CLANG_WARN_OBJC_IMPLICIT_RETAIN_SELF = YES;
				CLANG_WARN_OBJC_LITERAL_CONVERSION = YES;
				CLANG_WARN_OBJC_ROOT_CLASS = YES_ERROR;
				CLANG_WARN_RANGE_LOOP_ANALYSIS = YES;
				CLANG_WARN_STRICT_PROTOTYPES = YES;
				CLANG_WARN_SUSPICIOUS_MOVE = YES;
				CLANG_WARN_UNGUARDED_AVAILABILITY = YES_AGGRESSIVE;
				CLANG_WARN_UNREACHABLE_CODE = YES;
				CLANG_WARN__DUPLICATE_METHOD_MATCH = YES;
				COPY_PHASE_STRIP = NO;
				CURRENT_PROJECT_VERSION = 1;
				DEBUG_INFORMATION_FORMAT = "dwarf-with-dsym";
				ENABLE_NS_ASSERTIONS = NO;
				ENABLE_STRICT_OBJC_MSGSEND = YES;
				GCC_C_LANGUAGE_STANDARD = gnu11;
				GCC_NO_COMMON_BLOCKS = YES;
				GCC_WARN_64_TO_32_BIT_CONVERSION = YES;
				GCC_WARN_ABOUT_RETURN_TYPE = YES_ERROR;
				GCC_WARN_UNDECLARED_SELECTOR = YES;
				GCC_WARN_UNINITIALIZED_AUTOS = YES_AGGRESSIVE;
				GCC_WARN_UNUSED_FUNCTION = YES;
				GCC_WARN_UNUSED_VARIABLE = YES;
				IPHONEOS_DEPLOYMENT_TARGET = 13.6;
				MTL_ENABLE_DEBUG_INFO = NO;
				MTL_FAST_MATH = YES;
				SDKROOT = iphoneos;
				SWIFT_COMPILATION_MODE = wholemodule;
				SWIFT_OPTIMIZATION_LEVEL = "-O";
				VALIDATE_PRODUCT = YES;
				VERSIONING_SYSTEM = "apple-generic";
				VERSION_INFO_PREFIX = "";
			};
			name = Release;
		};
/* End XCBuildConfiguration section */

/* Begin XCConfigurationList section */
		1DDD604124D68C45000B2E95 /* Build configuration list for PBXProject "TemplateProject" */ = {
			isa = XCConfigurationList;
			buildConfigurations = (
				1DDD604D24D68C45000B2E95 /* Debug */,
				1DDD604E24D68C45000B2E95 /* Release */,
			);
			defaultConfigurationIsVisible = 0;
			defaultConfigurationName = Release;
		};
/* End XCConfigurationList section */
	};
	rootObject = 1DDD603E24D68C45000B2E95 /* Project object */;
}
